github.com/go-telegram-bot-api/telegram-bot-api/v5 v5.5.1 h1:wG8n/XJQ07TmjbITcGiUaOtXxdrINDz1b0J1w0SzqDc=
github.com/go-telegram-bot-api/telegram-bot-api/v5 v5.5.1/go.mod h1:A2S0CWkNylc2phvKXWBBdD3K0iGnDBGbzRpISP2zBl8=
github.com/ravernkoh/deepl v0.0.0-20181202110119-7133d0be96af h1:qqj9rRKFeuK0xQytVTz2ff4sJbA4OhuvW5Ch4hrKbpI=
github.com/ravernkoh/deepl v0.0.0-20181202110119-7133d0be96af/go.mod h1:1gVKPJ7gmfvM6/I9p8YcpudiuxiWLywK2JBv19zeeF8=
